{
	"name": "node-api",
	"requires": true,
	"lockfileVersion": 1,
	"dependencies": {
		"accepts": {
			"version": "1.0.0",
			"resolved": "https://registry.npmjs.org/accepts/-/accepts-1.0.0.tgz",
			"integrity": "sha1-NgTHZVhsO5z3h3tpN829RYf5R9w=",
			"requires": {
				"mime": "1.2.11",
				"negotiator": "0.3.0"
			}
		},
		"angular": {
			"version": "1.6.6",
			"resolved": "https://registry.npmjs.org/angular/-/angular-1.6.6.tgz",
			"integrity": "sha1-/Vo8+0N844LYVO4BEgeXl4Uny2Q="
		},
		"angular-sanitize": {
			"version": "1.6.6",
			"resolved": "https://registry.npmjs.org/angular-sanitize/-/angular-sanitize-1.6.6.tgz",
			"integrity": "sha1-D9BloZkxUX++zmZZbTJdcrbgYEE="
		},
		"body-parser": {
			"version": "1.0.2",
			"resolved": "https://registry.npmjs.org/body-parser/-/body-parser-1.0.2.tgz",
			"integrity": "sha1-NGFHmjJ4/gD8rr7DMUu1T8T3tHw=",
			"requires": {
				"qs": "0.6.6",
				"raw-body": "1.1.7",
				"type-is": "1.1.0"
			},
			"dependencies": {
				"type-is": {
					"version": "1.1.0",
					"resolved": "https://registry.npmjs.org/type-is/-/type-is-1.1.0.tgz",
					"integrity": "sha1-0CReyLJnZmjVndDPMlUGBnalfbY=",
					"requires": {
						"mime": "1.2.11"
					}
				}
			}
		},
		"bootstrap": {
			"version": "3.3.7",
			"resolved": "https://registry.npmjs.org/bootstrap/-/bootstrap-3.3.7.tgz",
			"integrity": "sha1-WjiTlFSfIzMIdaOxUGVldPip63E="
		},
		"buffer-crc32": {
			"version": "0.2.1",
			"resolved": "https://registry.npmjs.org/buffer-crc32/-/buffer-crc32-0.2.1.tgz",
			"integrity": "sha1-vj5TgvwCttYySVasGvmKqYsIU0w="
		},
		"bytes": {
			"version": "1.0.0",
			"resolved": "https://registry.npmjs.org/bytes/-/bytes-1.0.0.tgz",
			"integrity": "sha1-NWnt6Lo0MV+rmcPpLLBMciDeH6g="
		},
		"capture-stack-trace": {
			"version": "1.0.0",
			"resolved": "https://registry.npmjs.org/capture-stack-trace/-/capture-stack-trace-1.0.0.tgz",
			"integrity": "sha1-Sm+gc5nCa7pH8LJJa00PtAjFVQ0="
		},
		"cookie": {
			"version": "0.1.0",
			"resolved": "https://registry.npmjs.org/cookie/-/cookie-0.1.0.tgz",
			"integrity": "sha1-kOtGndzpBchm3mh+/EMTHYgB+dA="
		},
		"cookie-signature": {
			"version": "1.0.3",
			"resolved": "https://registry.npmjs.org/cookie-signature/-/cookie-signature-1.0.3.tgz",
			"integrity": "sha1-kc2ZfMUftkFZVzjGnNoCAyj1D/k="
		},
		"cors": {
			"version": "2.8.4",
			"resolved": "https://registry.npmjs.org/cors/-/cors-2.8.4.tgz",
			"integrity": "sha1-K9OB8usgECAQXNUOpZ2mMJBpRoY=",
			"requires": {
				"object-assign": "4.1.1",
				"vary": "1.1.2"
			}
		},
		"create-error-class": {
			"version": "3.0.2",
			"resolved": "https://registry.npmjs.org/create-error-class/-/create-error-class-3.0.2.tgz",
			"integrity": "sha1-Br56vvlHo/FKMP1hBnHUAbyot7Y=",
			"requires": {
				"capture-stack-trace": "1.0.0"
			}
		},
		"debug": {
			"version": "0.8.1",
			"resolved": "https://registry.npmjs.org/debug/-/debug-0.8.1.tgz",
			"integrity": "sha1-IP9NJvXkIstoobrLu2EDmtjBwTA="
		},
		"dns-packet": {
			"version": "1.2.2",
			"resolved": "https://registry.npmjs.org/dns-packet/-/dns-packet-1.2.2.tgz",
			"integrity": "sha512-kN+DjfGF7dJGUL7nWRktL9Z18t1rWP3aQlyZdY8XlpvU3Nc6GeFTQApftcjtWKxAZfiggZSGrCEoszNgvnpwDg==",
			"requires": {
				"ip": "1.1.5",
				"safe-buffer": "5.1.1"
			}
		},
		"dns-socket": {
			"version": "1.6.2",
			"resolved": "https://registry.npmjs.org/dns-socket/-/dns-socket-1.6.2.tgz",
			"integrity": "sha512-Ztbaf5fToBfm/4+sVEJi7mT2mJOLYYpI+TpgOhxwp5l28UwunTpHMccVhTe9L0F6pQ2cUF0ja9ukuTCtzYq2Ig==",
			"requires": {
				"dns-packet": "1.2.2"
			}
		},
		"duplexer3": {
			"version": "0.1.4",
			"resolved": "https://registry.npmjs.org/duplexer3/-/duplexer3-0.1.4.tgz",
			"integrity": "sha1-7gHdHKwO08vH/b6jfcCo8c4ALOI="
		},
		"escape-html": {
			"version": "1.0.1",
			"resolved": "https://registry.npmjs.org/escape-html/-/escape-html-1.0.1.tgz",
			"integrity": "sha1-GBoobq05ejmpKFfPsdQwUuNWv/A="
		},
		"express": {
			"version": "4.0.0",
			"resolved": "https://registry.npmjs.org/express/-/express-4.0.0.tgz",
			"integrity": "sha1-J03IKTPJ9XTMOKDOXqgXK+nGsJQ=",
			"requires": {
				"accepts": "1.0.0",
				"buffer-crc32": "0.2.1",
				"cookie": "0.1.0",
				"cookie-signature": "1.0.3",
				"debug": "0.8.1",
				"escape-html": "1.0.1",
				"fresh": "0.2.2",
				"merge-descriptors": "0.0.2",
				"methods": "0.1.0",
				"parseurl": "1.0.1",
				"path-to-regexp": "0.1.2",
				"qs": "0.6.6",
				"range-parser": "1.0.0",
				"send": "0.2.0",
				"serve-static": "1.0.1",
				"type-is": "1.0.0",
				"utils-merge": "1.0.0"
			}
		},
		"fresh": {
			"version": "0.2.2",
			"resolved": "https://registry.npmjs.org/fresh/-/fresh-0.2.2.tgz",
			"integrity": "sha1-lzHc9WeMf660T7kDxPct9VGH+nc="
		},
		"get-stream": {
			"version": "3.0.0",
			"resolved": "https://registry.npmjs.org/get-stream/-/get-stream-3.0.0.tgz",
			"integrity": "sha1-jpQ9E1jcN1VQVOy+LtsFqhdO3hQ="
		},
		"got": {
			"version": "6.7.1",
			"resolved": "https://registry.npmjs.org/got/-/got-6.7.1.tgz",
			"integrity": "sha1-JAzQV4WpoY5WHcG0S0HHY+8ejbA=",
			"requires": {
				"create-error-class": "3.0.2",
				"duplexer3": "0.1.4",
				"get-stream": "3.0.0",
				"is-redirect": "1.0.0",
				"is-retry-allowed": "1.1.0",
				"is-stream": "1.1.0",
				"lowercase-keys": "1.0.0",
				"safe-buffer": "5.1.1",
				"timed-out": "4.0.1",
				"unzip-response": "2.0.1",
				"url-parse-lax": "1.0.0"
			}
		},
		"ip": {
			"version": "1.1.5",
			"resolved": "https://registry.npmjs.org/ip/-/ip-1.1.5.tgz",
			"integrity": "sha1-vd7XARQpCCjAoDnnLvJfWq7ENUo="
		},
		"ip-regex": {
			"version": "2.1.0",
			"resolved": "https://registry.npmjs.org/ip-regex/-/ip-regex-2.1.0.tgz",
			"integrity": "sha1-+ni/XS5pE8kRzp+BnuUUa7bYROk="
		},
		"is-ip": {
			"version": "2.0.0",
			"resolved": "https://registry.npmjs.org/is-ip/-/is-ip-2.0.0.tgz",
			"integrity": "sha1-aO6gfooKCpTC0IDdZ0xzGrKkYas=",
			"requires": {
				"ip-regex": "2.1.0"
			}
		},
		"is-redirect": {
			"version": "1.0.0",
			"resolved": "https://registry.npmjs.org/is-redirect/-/is-redirect-1.0.0.tgz",
			"integrity": "sha1-HQPd7VO9jbDzDCbk+V02/HyH3CQ="
		},
		"is-retry-allowed": {
			"version": "1.1.0",
			"resolved": "https://registry.npmjs.org/is-retry-allowed/-/is-retry-allowed-1.1.0.tgz",
			"integrity": "sha1-EaBgVotnM5REAz0BJaYaINVk+zQ="
		},
		"is-stream": {
			"version": "1.1.0",
			"resolved": "https://registry.npmjs.org/is-stream/-/is-stream-1.1.0.tgz",
			"integrity": "sha1-EtSj3U5o4Lec6428hBc66A2RykQ="
		},
		"lowercase-keys": {
			"version": "1.0.0",
			"resolved": "https://registry.npmjs.org/lowercase-keys/-/lowercase-keys-1.0.0.tgz",
			"integrity": "sha1-TjNms55/VFfjXxMkvfb4jQv8cwY="
		},
		"merge-descriptors": {
			"version": "0.0.2",
			"resolved": "https://registry.npmjs.org/merge-descriptors/-/merge-descriptors-0.0.2.tgz",
			"integrity": "sha1-w2pSp4FDdRPFcnXzndnTF1FKyMc="
		},
		"methods": {
			"version": "0.1.0",
			"resolved": "https://registry.npmjs.org/methods/-/methods-0.1.0.tgz",
			"integrity": "sha1-M11Cnu/SG3us8unJIqjSvRSjDk8="
		},
		"mime": {
			"version": "1.2.11",
			"resolved": "https://registry.npmjs.org/mime/-/mime-1.2.11.tgz",
			"integrity": "sha1-WCA+7Ybjpe8XrtK32evUfwpg3RA="
		},
		"negotiator": {
			"version": "0.3.0",
			"resolved": "https://registry.npmjs.org/negotiator/-/negotiator-0.3.0.tgz",
			"integrity": "sha1-cG1pLv7d9XTVfqn7GriaT6fuj2A="
		},
		"object-assign": {
			"version": "4.1.1",
			"resolved": "https://registry.npmjs.org/object-assign/-/object-assign-4.1.1.tgz",
			"integrity": "sha1-IQmtx5ZYh8/AXLvUQsrIv7s2CGM="
		},
		"parseurl": {
			"version": "1.0.1",
			"resolved": "https://registry.npmjs.org/parseurl/-/parseurl-1.0.1.tgz",
			"integrity": "sha1-Llfc5u/dN8NRhwEDCUTCK/OIt7Q="
		},
		"path-to-regexp": {
			"version": "0.1.2",
			"resolved": "https://registry.npmjs.org/path-to-regexp/-/path-to-regexp-0.1.2.tgz",
			"integrity": "sha1-mysVH5zDAYye6lDKlXKeBXgXErQ="
		},
		"pify": {
			"version": "2.3.0",
			"resolved": "https://registry.npmjs.org/pify/-/pify-2.3.0.tgz",
			"integrity": "sha1-7RQaasBDqEnqWISY59yosVMw6Qw="
		},
		"prepend-http": {
			"version": "1.0.4",
			"resolved": "https://registry.npmjs.org/prepend-http/-/prepend-http-1.0.4.tgz",
			"integrity": "sha1-1PRWKwzjaW5BrFLQ4ALlemNdxtw="
		},
		"public-ip": {
			"version": "2.3.5",
			"resolved": "https://registry.npmjs.org/public-ip/-/public-ip-2.3.5.tgz",
			"integrity": "sha1-fXhHYliBV2unofpBCwl43yOb33U=",
			"requires": {
				"dns-socket": "1.6.2",
				"got": "6.7.1",
				"is-ip": "2.0.0",
				"pify": "2.3.0"
			}
		},
		"qs": {
			"version": "0.6.6",
			"resolved": "https://registry.npmjs.org/qs/-/qs-0.6.6.tgz",
			"integrity": "sha1-bgFQmP9RlouKPIGQAdXyyJvEsQc="
		},
		"range-parser": {
			"version": "1.0.0",
			"resolved": "https://registry.npmjs.org/range-parser/-/range-parser-1.0.0.tgz",
			"integrity": "sha1-pLJkz+C+XONqvjdlrJwqJIdG28A="
		},
		"raw-body": {
			"version": "1.1.7",
			"resolved": "https://registry.npmjs.org/raw-body/-/raw-body-1.1.7.tgz",
			"integrity": "sha1-HQJ8K/oRasxmI7yo8AAWVyqH1CU=",
			"requires": {
				"bytes": "1.0.0",
				"string_decoder": "0.10.31"
			}
		},
		"safe-buffer": {
			"version": "5.1.1",
			"resolved": "https://registry.npmjs.org/safe-buffer/-/safe-buffer-5.1.1.tgz",
			"integrity": "sha512-kKvNJn6Mm93gAczWVJg7wH+wGYWNrDHdWvpUmHyEsgCtIwwo3bqPtV4tR5tuPaUhTOo/kvhVwd8XwwOllGYkbg=="
		},
		"send": {
			"version": "0.2.0",
			"resolved": "https://registry.npmjs.org/send/-/send-0.2.0.tgz",
			"integrity": "sha1-Bnq/Rc/4v/spy9t0OXJbMjiKLFg=",
			"requires": {
				"debug": "0.8.1",
				"fresh": "0.2.2",
				"mime": "1.2.11",
				"range-parser": "1.0.0"
			}
		},
		"serve-static": {
			"version": "1.0.1",
			"resolved": "https://registry.npmjs.org/serve-static/-/serve-static-1.0.1.tgz",
			"integrity": "sha1-ENy/1Es+ApGhMfyatKslqfWnikI=",
			"requires": {
				"send": "0.1.4"
			},
			"dependencies": {
				"fresh": {
					"version": "0.2.0",
					"resolved": "https://registry.npmjs.org/fresh/-/fresh-0.2.0.tgz",
					"integrity": "sha1-v9lALPPfEsSkwxDHn5mj3eE9NKc="
				},
				"range-parser": {
					"version": "0.0.4",
					"resolved": "https://registry.npmjs.org/range-parser/-/range-parser-0.0.4.tgz",
					"integrity": "sha1-wEJ//vUcEKy6B4KkbJYC50T/Ygs="
				},
				"send": {
					"version": "0.1.4",
					"resolved": "https://registry.npmjs.org/send/-/send-0.1.4.tgz",
					"integrity": "sha1-vnDY0b4B3mGCGvE3gLUDRaT3Gr0=",
					"requires": {
						"debug": "0.8.1",
						"fresh": "0.2.0",
						"mime": "1.2.11",
						"range-parser": "0.0.4"
					}
				}
			}
		},
		"string_decoder": {
			"version": "0.10.31",
			"resolved": "https://registry.npmjs.org/string_decoder/-/string_decoder-0.10.31.tgz",
			"integrity": "sha1-YuIDvEF2bGwoyfyEMB2rHFMQ+pQ="
		},
		"timed-out": {
			"version": "4.0.1",
			"resolved": "https://registry.npmjs.org/timed-out/-/timed-out-4.0.1.tgz",
			"integrity": "sha1-8y6srFoXW+ol1/q1Zas+2HQe9W8="
		},
		"type-is": {
			"version": "1.0.0",
			"resolved": "https://registry.npmjs.org/type-is/-/type-is-1.0.0.tgz",
			"integrity": "sha1-T/Qk6XNJoe4ZELS/xIhZXs3EQ/w=",
			"requires": {
				"mime": "1.2.11"
			}
		},
		"unzip-response": {
			"version": "2.0.1",
			"resolved": "https://registry.npmjs.org/unzip-response/-/unzip-response-2.0.1.tgz",
			"integrity": "sha1-0vD3N9FrBhXnKmk17QQhRXLVb5c="
		},
		"url-parse-lax": {
			"version": "1.0.0",
			"resolved": "https://registry.npmjs.org/url-parse-lax/-/url-parse-lax-1.0.0.tgz",
			"integrity": "sha1-evjzA2Rem9eaJy56FKxovAYJ2nM=",
			"requires": {
				"prepend-http": "1.0.4"
			}
		},
		"utils-merge": {
			"version": "1.0.0",
			"resolved": "https://registry.npmjs.org/utils-merge/-/utils-merge-1.0.0.tgz",
			"integrity": "sha1-ApT7kiu5N1FTVBxPcJYjHyh8ivg="
		},
		"vary": {
			"version": "1.1.2",
			"resolved": "https://registry.npmjs.org/vary/-/vary-1.1.2.tgz",
			"integrity": "sha1-IpnwLG3tMNSllhsLn3RSShj2NPw="
		},
		"xmlhttprequest": {
			"version": "1.8.0",
			"resolved": "https://registry.npmjs.org/xmlhttprequest/-/xmlhttprequest-1.8.0.tgz",
			"integrity": "sha1-Z/4HXFwk/vOfnWX197f+dRcZaPw="
		}
	}
}
